
Microsoft Visual Studio Solution File, Format Version 12.00
# Visual Studio Version 17
VisualStudioVersion = 17.8.34330.188
MinimumVisualStudioVersion = 10.0.40219.1
Project("{2150E333-8FDC-42A3-9474-1A3956D46DE8}") = "src", "src", "{513D1526-41A3-41A5-9602-998308355924}"
EndProject
Project("{2150E333-8FDC-42A3-9474-1A3956D46DE8}") = "ui", "ui", "{707BCFEA-9400-428F-855F-BBE6B21B59C1}"
EndProject
Project("{2150E333-8FDC-42A3-9474-1A3956D46DE8}") = "lib", "lib", "{110FB6D6-711C-4E51-BE88-19A49799F983}"
EndProject
Project("{9A19103F-16F7-4668-BE54-9A1E7A4F7556}") = "Core", "src\lib\Core\Core.csproj", "{F618AB54-E4F4-45CB-B4E2-DC3435AE11E5}"
EndProject
Project("{9A19103F-16F7-4668-BE54-9A1E7A4F7556}") = "DB", "src\lib\DB\DB.csproj", "{32278D2B-AED5-4DEF-B47E-61F2EC43157B}"
EndProject
Project("{9A19103F-16F7-4668-BE54-9A1E7A4F7556}") = "Models", "src\lib\Models\Models.csproj", "{27A0AD38-30E0-4ACD-A52E-F573A9DE103B}"
EndProject
Project("{9A19103F-16F7-4668-BE54-9A1E7A4F7556}") = "Console", "src\ui\Console\Console.csproj", "{06D96C8D-3B4D-4433-82E3-6D085802FDA2}"
EndProject
Project("{2150E333-8FDC-42A3-9474-1A3956D46DE8}") = "tests", "tests", "{7164F5ED-F2EF-4314-A67C-5C0F6D0861C7}"
EndProject
Project("{9A19103F-16F7-4668-BE54-9A1E7A4F7556}") = "CoreTests", "src\tests\CoreTests\CoreTests.csproj", "{B49BFD91-351B-4A8E-BD1A-414BBB5F7F4E}"
EndProject
Project("{FAE04EC0-301F-11D3-BF4B-00C04F79EFBC}") = "Bot.MinimalApi", "src\ui\Bot.MinimalApi\Bot.MinimalApi.csproj", "{FDBCED66-65E3-4AD7-9C33-9A22872DB3D2}"
EndProject
Global
	GlobalSection(SolutionConfigurationPlatforms) = preSolution
		Debug|Any CPU = Debug|Any CPU
		Release|Any CPU = Release|Any CPU
	EndGlobalSection
	GlobalSection(ProjectConfigurationPlatforms) = postSolution
		{F618AB54-E4F4-45CB-B4E2-DC3435AE11E5}.Debug|Any CPU.ActiveCfg = Debug|Any CPU
		{F618AB54-E4F4-45CB-B4E2-DC3435AE11E5}.Debug|Any CPU.Build.0 = Debug|Any CPU
		{F618AB54-E4F4-45CB-B4E2-DC3435AE11E5}.Release|Any CPU.ActiveCfg = Release|Any CPU
		{F618AB54-E4F4-45CB-B4E2-DC3435AE11E5}.Release|Any CPU.Build.0 = Release|Any CPU
		{32278D2B-AED5-4DEF-B47E-61F2EC43157B}.Debug|Any CPU.ActiveCfg = Debug|Any CPU
		{32278D2B-AED5-4DEF-B47E-61F2EC43157B}.Debug|Any CPU.Build.0 = Debug|Any CPU
		{32278D2B-AED5-4DEF-B47E-61F2EC43157B}.Release|Any CPU.ActiveCfg = Release|Any CPU
		{32278D2B-AED5-4DEF-B47E-61F2EC43157B}.Release|Any CPU.Build.0 = Release|Any CPU
		{27A0AD38-30E0-4ACD-A52E-F573A9DE103B}.Debug|Any CPU.ActiveCfg = Debug|Any CPU
		{27A0AD38-30E0-4ACD-A52E-F573A9DE103B}.Debug|Any CPU.Build.0 = Debug|Any CPU
		{27A0AD38-30E0-4ACD-A52E-F573A9DE103B}.Release|Any CPU.ActiveCfg = Release|Any CPU
		{27A0AD38-30E0-4ACD-A52E-F573A9DE103B}.Release|Any CPU.Build.0 = Release|Any CPU
		{06D96C8D-3B4D-4433-82E3-6D085802FDA2}.Debug|Any CPU.ActiveCfg = Debug|Any CPU
		{06D96C8D-3B4D-4433-82E3-6D085802FDA2}.Debug|Any CPU.Build.0 = Debug|Any CPU
		{06D96C8D-3B4D-4433-82E3-6D085802FDA2}.Release|Any CPU.ActiveCfg = Release|Any CPU
		{06D96C8D-3B4D-4433-82E3-6D085802FDA2}.Release|Any CPU.Build.0 = Release|Any CPU
		{B49BFD91-351B-4A8E-BD1A-414BBB5F7F4E}.Debug|Any CPU.ActiveCfg = Debug|Any CPU
		{B49BFD91-351B-4A8E-BD1A-414BBB5F7F4E}.Debug|Any CPU.Build.0 = Debug|Any CPU
		{B49BFD91-351B-4A8E-BD1A-414BBB5F7F4E}.Release|Any CPU.ActiveCfg = Release|Any CPU
		{B49BFD91-351B-4A8E-BD1A-414BBB5F7F4E}.Release|Any CPU.Build.0 = Release|Any CPU
		{FDBCED66-65E3-4AD7-9C33-9A22872DB3D2}.Debug|Any CPU.ActiveCfg = Debug|Any CPU
		{FDBCED66-65E3-4AD7-9C33-9A22872DB3D2}.Debug|Any CPU.Build.0 = Debug|Any CPU
		{FDBCED66-65E3-4AD7-9C33-9A22872DB3D2}.Release|Any CPU.ActiveCfg = Release|Any CPU
		{FDBCED66-65E3-4AD7-9C33-9A22872DB3D2}.Release|Any CPU.Build.0 = Release|Any CPU
	EndGlobalSection
	GlobalSection(SolutionProperties) = preSolution
		HideSolutionNode = FALSE
	EndGlobalSection
	GlobalSection(NestedProjects) = preSolution
		{707BCFEA-9400-428F-855F-BBE6B21B59C1} = {513D1526-41A3-41A5-9602-998308355924}
		{110FB6D6-711C-4E51-BE88-19A49799F983} = {513D1526-41A3-41A5-9602-998308355924}
		{F618AB54-E4F4-45CB-B4E2-DC3435AE11E5} = {110FB6D6-711C-4E51-BE88-19A49799F983}
		{32278D2B-AED5-4DEF-B47E-61F2EC43157B} = {110FB6D6-711C-4E51-BE88-19A49799F983}
		{27A0AD38-30E0-4ACD-A52E-F573A9DE103B} = {110FB6D6-711C-4E51-BE88-19A49799F983}
		{06D96C8D-3B4D-4433-82E3-6D085802FDA2} = {707BCFEA-9400-428F-855F-BBE6B21B59C1}
		{7164F5ED-F2EF-4314-A67C-5C0F6D0861C7} = {513D1526-41A3-41A5-9602-998308355924}
		{B49BFD91-351B-4A8E-BD1A-414BBB5F7F4E} = {7164F5ED-F2EF-4314-A67C-5C0F6D0861C7}
		{FDBCED66-65E3-4AD7-9C33-9A22872DB3D2} = {707BCFEA-9400-428F-855F-BBE6B21B59C1}
	EndGlobalSection
	GlobalSection(ExtensibilityGlobals) = postSolution
		SolutionGuid = {B6262ED3-ADFF-4E0B-B6EE-0C81B426A831}
	EndGlobalSection
EndGlobal
